
Microsoft Visual Studio Solution File, Format Version 12.00
# Visual Studio Version 16
VisualStudioVersion = 16.0.30503.244
MinimumVisualStudioVersion = 10.0.40219.1
Project("{FAE04EC0-301F-11D3-BF4B-00C04F79EFBC}") = "funny bunny hat", "funny bunny hat\funny bunny hat.csproj", "{C9275A21-5079-458D-A6D7-F398839D3E1F}"
EndProject
Project("{FAE04EC0-301F-11D3-BF4B-00C04F79EFBC}") = "Updater", "Updater\Updater.csproj", "{CDB666AC-82C4-498D-AFC8-8DB3BEC03CE3}"
EndProject
Global
	GlobalSection(SolutionConfigurationPlatforms) = preSolution
		Debug|Any CPU = Debug|Any CPU
		Release|Any CPU = Release|Any CPU
	EndGlobalSection
	GlobalSection(ProjectConfigurationPlatforms) = postSolution
		{C9275A21-5079-458D-A6D7-F398839D3E1F}.Debug|Any CPU.ActiveCfg = Debug|Any CPU
		{C9275A21-5079-458D-A6D7-F398839D3E1F}.Debug|Any CPU.Build.0 = Debug|Any CPU
		{C9275A21-5079-458D-A6D7-F398839D3E1F}.Release|Any CPU.ActiveCfg = Release|Any CPU
		{C9275A21-5079-458D-A6D7-F398839D3E1F}.Release|Any CPU.Build.0 = Release|Any CPU
		{CDB666AC-82C4-498D-AFC8-8DB3BEC03CE3}.Debug|Any CPU.ActiveCfg = Debug|Any CPU
		{CDB666AC-82C4-498D-AFC8-8DB3BEC03CE3}.Debug|Any CPU.Build.0 = Debug|Any CPU
		{CDB666AC-82C4-498D-AFC8-8DB3BEC03CE3}.Release|Any CPU.ActiveCfg = Release|Any CPU
		{CDB666AC-82C4-498D-AFC8-8DB3BEC03CE3}.Release|Any CPU.Build.0 = Release|Any CPU
	EndGlobalSection
	GlobalSection(SolutionProperties) = preSolution
		HideSolutionNode = FALSE
	EndGlobalSection
	GlobalSection(ExtensibilityGlobals) = postSolution
		SolutionGuid = {CACCAE98-1D12-498B-948E-A8EA134B95A3}
	EndGlobalSection
EndGlobal
